<?xml version="1.0" encoding="UTF-8"?>
<CONFIG>
  <ProjectOptions>
    <Version Value="12"/>
    <PathDelim Value="\"/>
    <General>
      <Flags>
        <MainUnitHasCreateFormStatements Value="False"/>
        <MainUnitHasTitleStatement Value="False"/>
        <MainUnitHasScaledStatement Value="False"/>
      </Flags>
      <SessionStorage Value="InProjectDir"/>
      <Title Value="WesChat"/>
      <ResourceType Value="res"/>
      <UseXPManifest Value="True"/>
      <XPManifest>
        <DpiAware Value="True"/>
      </XPManifest>
      <Icon Value="0"/>
    </General>
    <BuildModes>
      <Item Name="Default" Default="True"/>
    </BuildModes>
    <PublishOptions>
      <Version Value="2"/>
      <UseFileFilters Value="True"/>
    </PublishOptions>
    <RunParams>
      <FormatVersion Value="2"/>
    </RunParams>
    <RequiredPackages>
      <Item>
        <PackageName Value="LCL"/>
      </Item>
    </RequiredPackages>
    <Units>
      <Unit>
        <Filename Value="WesChat.lpr"/>
        <IsPartOfProject Value="True"/>
      </Unit>
      <Unit>
        <Filename Value="matrix.pas"/>
        <IsPartOfProject Value="True"/>
        <UnitName Value="Matrix"/>
      </Unit>
      <Unit>
        <Filename Value="test.pas"/>
        <IsPartOfProject Value="True"/>
        <UnitName Value="Test"/>
      </Unit>
      <Unit>
        <Filename Value="tokenize.pas"/>
        <IsPartOfProject Value="True"/>
        <UnitName Value="Tokenize"/>
      </Unit>
      <Unit>
        <Filename Value="Embed.pas"/>
        <IsPartOfProject Value="True"/>
      </Unit>
      <Unit>
        <Filename Value="notes.pas"/>
        <IsPartOfProject Value="True"/>
        <UnitName Value="Notes"/>
      </Unit>
      <Unit>
        <Filename Value="Extras.pas"/>
        <IsPartOfProject Value="True"/>
      </Unit>
      <Unit>
        <Filename Value="Display.pas"/>
        <IsPartOfProject Value="True"/>
      </Unit>
      <Unit>
        <Filename Value="transform.pas"/>
        <IsPartOfProject Value="True"/>
        <UnitName Value="Transform"/>
      </Unit>
      <Unit>
        <Filename Value="gpt2tokenize.pas"/>
        <IsPartOfProject Value="True"/>
        <UnitName Value="GPT2Tokenize"/>
      </Unit>
      <Unit>
        <Filename Value="gpt2_bpe.pas"/>
        <IsPartOfProject Value="True"/>
      </Unit>
      <Unit>
        <Filename Value="combinetables.pas"/>
        <IsPartOfProject Value="True"/>
        <UnitName Value="CombineTables"/>
      </Unit>
    </Units>
  </ProjectOptions>
  <CompilerOptions>
    <Version Value="11"/>
    <PathDelim Value="\"/>
    <Target>
      <Filename Value="WesChat"/>
    </Target>
    <SearchPaths>
      <IncludeFiles Value="$(ProjOutDir)"/>
      <UnitOutputDirectory Value="lib\$(TargetCPU)-$(TargetOS)"/>
    </SearchPaths>
    <Linking>
      <Debugging>
        <DebugInfoType Value="dsDwarf3"/>
      </Debugging>
    </Linking>
    <Other>
      <CompilerMessages>
        <IgnoredMessages idx5092="True" idx5091="True" idx5057="True" idx2005="True"/>
      </CompilerMessages>
    </Other>
  </CompilerOptions>
  <Debugging>
    <Exceptions>
      <Item>
        <Name Value="EAbort"/>
      </Item>
      <Item>
        <Name Value="ECodetoolError"/>
      </Item>
      <Item>
        <Name Value="EFOpenError"/>
      </Item>
    </Exceptions>
  </Debugging>
</CONFIG>
